
Microsoft Visual Studio Solution File, Format Version 12.00
# Visual Studio Version 17
VisualStudioVersion = 17.7.34024.191
MinimumVisualStudioVersion = 10.0.40219.1
Project("{9A19103F-16F7-4668-BE54-9A1E7A4F7556}") = "DataAccessLayer", "DataAccessLayer\DataAccessLayer.csproj", "{8B3CB6C0-48D3-4E93-83F9-92238B3B8FD8}"
EndProject
Project("{9A19103F-16F7-4668-BE54-9A1E7A4F7556}") = "BussinessLayer", "BussinessLayer\BussinessLayer.csproj", "{946ED5F7-615E-497C-B969-137C0DF805F6}"
EndProject
Project("{9A19103F-16F7-4668-BE54-9A1E7A4F7556}") = "Model", "Model\Model.csproj", "{A94386BC-7BDC-454C-97DE-64AB982437E9}"
EndProject
Project("{9A19103F-16F7-4668-BE54-9A1E7A4F7556}") = "API_MYPHAM_ADMIN", "API_MYPHAM\API_MYPHAM_ADMIN.csproj", "{9228D3B5-D847-4621-8692-2BDB0CD6BBB8}"
EndProject
Global
	GlobalSection(SolutionConfigurationPlatforms) = preSolution
		Debug|Any CPU = Debug|Any CPU
		Release|Any CPU = Release|Any CPU
	EndGlobalSection
	GlobalSection(ProjectConfigurationPlatforms) = postSolution
		{8B3CB6C0-48D3-4E93-83F9-92238B3B8FD8}.Debug|Any CPU.ActiveCfg = Debug|Any CPU
		{8B3CB6C0-48D3-4E93-83F9-92238B3B8FD8}.Debug|Any CPU.Build.0 = Debug|Any CPU
		{8B3CB6C0-48D3-4E93-83F9-92238B3B8FD8}.Release|Any CPU.ActiveCfg = Release|Any CPU
		{8B3CB6C0-48D3-4E93-83F9-92238B3B8FD8}.Release|Any CPU.Build.0 = Release|Any CPU
		{946ED5F7-615E-497C-B969-137C0DF805F6}.Debug|Any CPU.ActiveCfg = Debug|Any CPU
		{946ED5F7-615E-497C-B969-137C0DF805F6}.Debug|Any CPU.Build.0 = Debug|Any CPU
		{946ED5F7-615E-497C-B969-137C0DF805F6}.Release|Any CPU.ActiveCfg = Release|Any CPU
		{946ED5F7-615E-497C-B969-137C0DF805F6}.Release|Any CPU.Build.0 = Release|Any CPU
		{A94386BC-7BDC-454C-97DE-64AB982437E9}.Debug|Any CPU.ActiveCfg = Debug|Any CPU
		{A94386BC-7BDC-454C-97DE-64AB982437E9}.Debug|Any CPU.Build.0 = Debug|Any CPU
		{A94386BC-7BDC-454C-97DE-64AB982437E9}.Release|Any CPU.ActiveCfg = Release|Any CPU
		{A94386BC-7BDC-454C-97DE-64AB982437E9}.Release|Any CPU.Build.0 = Release|Any CPU
		{9228D3B5-D847-4621-8692-2BDB0CD6BBB8}.Debug|Any CPU.ActiveCfg = Debug|Any CPU
		{9228D3B5-D847-4621-8692-2BDB0CD6BBB8}.Debug|Any CPU.Build.0 = Debug|Any CPU
		{9228D3B5-D847-4621-8692-2BDB0CD6BBB8}.Release|Any CPU.ActiveCfg = Release|Any CPU
		{9228D3B5-D847-4621-8692-2BDB0CD6BBB8}.Release|Any CPU.Build.0 = Release|Any CPU
	EndGlobalSection
	GlobalSection(SolutionProperties) = preSolution
		HideSolutionNode = FALSE
	EndGlobalSection
	GlobalSection(ExtensibilityGlobals) = postSolution
		SolutionGuid = {6D96E959-4100-4067-9178-6975A155CC09}
	EndGlobalSection
EndGlobal
